
Microsoft Visual Studio Solution File, Format Version 12.00
# Visual Studio Version 16
VisualStudioVersion = 16.0.31205.134
MinimumVisualStudioVersion = 10.0.40219.1
Project("{FAE04EC0-301F-11D3-BF4B-00C04F79EFBC}") = "HotKeySetter", "HotKeySetter\HotKeySetter.csproj", "{336D8DE9-6B09-49F0-A814-20D8F8EA5ADC}"
EndProject
Project("{8BC9CEB8-8B4A-11D0-8D11-00A0C91BC942}") = "HotKeys", "HotKeys\HotKeys.vcxproj", "{D99E02C0-0D8F-460E-8B15-E42A82F31CDE}"
EndProject
Project("{8BC9CEB8-8B4A-11D0-8D11-00A0C91BC942}") = "DllHookProc", "DllHookProc\DllHookProc.vcxproj", "{80F780D5-1B9C-45B7-8B8C-517503FF9DED}"
EndProject
Project("{8BC9CEB8-8B4A-11D0-8D11-00A0C91BC942}") = "winlongproject", "winlongproject\winlongproject.vcxproj", "{8A21AFB9-584B-4807-BB45-8C2E8F521C7B}"
EndProject
Global
	GlobalSection(SolutionConfigurationPlatforms) = preSolution
		Debug|Any CPU = Debug|Any CPU
		Debug|x64 = Debug|x64
		Debug|x86 = Debug|x86
		Release|Any CPU = Release|Any CPU
		Release|x64 = Release|x64
		Release|x86 = Release|x86
	EndGlobalSection
	GlobalSection(ProjectConfigurationPlatforms) = postSolution
		{336D8DE9-6B09-49F0-A814-20D8F8EA5ADC}.Debug|Any CPU.ActiveCfg = Release|x86
		{336D8DE9-6B09-49F0-A814-20D8F8EA5ADC}.Debug|Any CPU.Build.0 = Release|x86
		{336D8DE9-6B09-49F0-A814-20D8F8EA5ADC}.Debug|x64.ActiveCfg = Debug|x64
		{336D8DE9-6B09-49F0-A814-20D8F8EA5ADC}.Debug|x64.Build.0 = Debug|x64
		{336D8DE9-6B09-49F0-A814-20D8F8EA5ADC}.Debug|x86.ActiveCfg = Release|x86
		{336D8DE9-6B09-49F0-A814-20D8F8EA5ADC}.Debug|x86.Build.0 = Release|x86
		{336D8DE9-6B09-49F0-A814-20D8F8EA5ADC}.Release|Any CPU.ActiveCfg = Release|Any CPU
		{336D8DE9-6B09-49F0-A814-20D8F8EA5ADC}.Release|Any CPU.Build.0 = Release|Any CPU
		{336D8DE9-6B09-49F0-A814-20D8F8EA5ADC}.Release|x64.ActiveCfg = Release|Any CPU
		{336D8DE9-6B09-49F0-A814-20D8F8EA5ADC}.Release|x64.Build.0 = Release|Any CPU
		{336D8DE9-6B09-49F0-A814-20D8F8EA5ADC}.Release|x86.ActiveCfg = Release|Any CPU
		{336D8DE9-6B09-49F0-A814-20D8F8EA5ADC}.Release|x86.Build.0 = Release|Any CPU
		{D99E02C0-0D8F-460E-8B15-E42A82F31CDE}.Debug|Any CPU.ActiveCfg = Release|Win32
		{D99E02C0-0D8F-460E-8B15-E42A82F31CDE}.Debug|Any CPU.Build.0 = Release|Win32
		{D99E02C0-0D8F-460E-8B15-E42A82F31CDE}.Debug|x64.ActiveCfg = Debug|x64
		{D99E02C0-0D8F-460E-8B15-E42A82F31CDE}.Debug|x64.Build.0 = Debug|x64
		{D99E02C0-0D8F-460E-8B15-E42A82F31CDE}.Debug|x86.ActiveCfg = Debug|Win32
		{D99E02C0-0D8F-460E-8B15-E42A82F31CDE}.Debug|x86.Build.0 = Debug|Win32
		{D99E02C0-0D8F-460E-8B15-E42A82F31CDE}.Release|Any CPU.ActiveCfg = Release|Win32
		{D99E02C0-0D8F-460E-8B15-E42A82F31CDE}.Release|x64.ActiveCfg = Release|x64
		{D99E02C0-0D8F-460E-8B15-E42A82F31CDE}.Release|x64.Build.0 = Release|x64
		{D99E02C0-0D8F-460E-8B15-E42A82F31CDE}.Release|x86.ActiveCfg = Release|Win32
		{D99E02C0-0D8F-460E-8B15-E42A82F31CDE}.Release|x86.Build.0 = Release|Win32
		{80F780D5-1B9C-45B7-8B8C-517503FF9DED}.Debug|Any CPU.ActiveCfg = Release|Win32
		{80F780D5-1B9C-45B7-8B8C-517503FF9DED}.Debug|Any CPU.Build.0 = Release|Win32
		{80F780D5-1B9C-45B7-8B8C-517503FF9DED}.Debug|x64.ActiveCfg = Debug|x64
		{80F780D5-1B9C-45B7-8B8C-517503FF9DED}.Debug|x64.Build.0 = Debug|x64
		{80F780D5-1B9C-45B7-8B8C-517503FF9DED}.Debug|x86.ActiveCfg = Release|x64
		{80F780D5-1B9C-45B7-8B8C-517503FF9DED}.Debug|x86.Build.0 = Release|x64
		{80F780D5-1B9C-45B7-8B8C-517503FF9DED}.Release|Any CPU.ActiveCfg = Release|Win32
		{80F780D5-1B9C-45B7-8B8C-517503FF9DED}.Release|x64.ActiveCfg = Release|x64
		{80F780D5-1B9C-45B7-8B8C-517503FF9DED}.Release|x64.Build.0 = Release|x64
		{80F780D5-1B9C-45B7-8B8C-517503FF9DED}.Release|x86.ActiveCfg = Release|Win32
		{80F780D5-1B9C-45B7-8B8C-517503FF9DED}.Release|x86.Build.0 = Release|Win32
		{8A21AFB9-584B-4807-BB45-8C2E8F521C7B}.Debug|Any CPU.ActiveCfg = Release|Win32
		{8A21AFB9-584B-4807-BB45-8C2E8F521C7B}.Debug|Any CPU.Build.0 = Release|Win32
		{8A21AFB9-584B-4807-BB45-8C2E8F521C7B}.Debug|x64.ActiveCfg = Debug|x64
		{8A21AFB9-584B-4807-BB45-8C2E8F521C7B}.Debug|x64.Build.0 = Debug|x64
		{8A21AFB9-584B-4807-BB45-8C2E8F521C7B}.Debug|x86.ActiveCfg = Release|Win32
		{8A21AFB9-584B-4807-BB45-8C2E8F521C7B}.Debug|x86.Build.0 = Release|Win32
		{8A21AFB9-584B-4807-BB45-8C2E8F521C7B}.Release|Any CPU.ActiveCfg = Release|Win32
		{8A21AFB9-584B-4807-BB45-8C2E8F521C7B}.Release|x64.ActiveCfg = Release|x64
		{8A21AFB9-584B-4807-BB45-8C2E8F521C7B}.Release|x64.Build.0 = Release|x64
		{8A21AFB9-584B-4807-BB45-8C2E8F521C7B}.Release|x86.ActiveCfg = Release|Win32
		{8A21AFB9-584B-4807-BB45-8C2E8F521C7B}.Release|x86.Build.0 = Release|Win32
	EndGlobalSection
	GlobalSection(SolutionProperties) = preSolution
		HideSolutionNode = FALSE
	EndGlobalSection
	GlobalSection(ExtensibilityGlobals) = postSolution
		SolutionGuid = {01BF3EBF-D57D-4AF6-B7F1-FA147A5F7D24}
	EndGlobalSection
EndGlobal
